
Microsoft Visual Studio Solution File, Format Version 12.00
# Visual Studio Version 17
VisualStudioVersion = 17.5.002.0
MinimumVisualStudioVersion = 10.0.40219.1
Project("{9A19103F-16F7-4668-BE54-9A1E7A4F7556}") = "common", "common\common.csproj", "{97858AFF-1D99-45B8-BCAA-DD660F6327AB}"
EndProject
Project("{9A19103F-16F7-4668-BE54-9A1E7A4F7556}") = "01", "01\01.csproj", "{35519BC8-56DE-44FC-A96B-72368740628E}"
EndProject
Project("{9A19103F-16F7-4668-BE54-9A1E7A4F7556}") = "02", "02\02.csproj", "{1D49D4A2-78D5-4A53-A18E-7B3E53A66A9B}"
EndProject
Project("{2150E333-8FDC-42A3-9474-1A3956D46DE8}") = "tests", "tests", "{E62194C5-793A-4A09-AE66-06E480D5A774}"
EndProject
Project("{9A19103F-16F7-4668-BE54-9A1E7A4F7556}") = "02-test", "tests\02-test\02-test.csproj", "{4CA352E4-6650-4362-866F-1A6624D94B8D}"
EndProject
Project("{9A19103F-16F7-4668-BE54-9A1E7A4F7556}") = "03", "03\03.csproj", "{2E42ABF3-0002-4C2E-AB42-2CED7AA6AD99}"
EndProject
Project("{9A19103F-16F7-4668-BE54-9A1E7A4F7556}") = "03-test", "tests\03-test\03-test.csproj", "{9C13C48B-6CAA-4AB5-8C7D-D0E61E7D9996}"
EndProject
Project("{9A19103F-16F7-4668-BE54-9A1E7A4F7556}") = "04", "04\04.csproj", "{3B609193-2F6C-4933-849E-E56B24D27440}"
EndProject
Project("{9A19103F-16F7-4668-BE54-9A1E7A4F7556}") = "04-test", "tests\04-test\04-test.csproj", "{551AA018-64F2-4C65-BAEE-ED235231A6D7}"
EndProject
Project("{9A19103F-16F7-4668-BE54-9A1E7A4F7556}") = "05", "05\05.csproj", "{7E913385-5C06-492A-B54F-6DCD822AFEDC}"
EndProject
Project("{9A19103F-16F7-4668-BE54-9A1E7A4F7556}") = "05-test", "tests\05-test\05-test.csproj", "{F7C9988B-4668-4126-A865-BA8A0799CCB6}"
EndProject
Project("{9A19103F-16F7-4668-BE54-9A1E7A4F7556}") = "06", "06\06.csproj", "{DB8E8F86-6FDE-4B44-880D-B7994E58E75F}"
EndProject
Project("{9A19103F-16F7-4668-BE54-9A1E7A4F7556}") = "06-test", "tests\06-test\06-test.csproj", "{F4FA55E5-4036-4EDF-99B3-8DE075593EA4}"
EndProject
Project("{9A19103F-16F7-4668-BE54-9A1E7A4F7556}") = "07", "07\07.csproj", "{08078628-BEAB-4D5A-87FC-EB733660E0C6}"
EndProject
Project("{9A19103F-16F7-4668-BE54-9A1E7A4F7556}") = "07-test", "tests\07-test\07-test.csproj", "{9C17D4DC-75CF-4FCE-946F-4857320A4B30}"
EndProject
Project("{9A19103F-16F7-4668-BE54-9A1E7A4F7556}") = "08", "08\08.csproj", "{37B85AF1-761A-49D8-B93B-A6C68E3648AC}"
EndProject
Project("{9A19103F-16F7-4668-BE54-9A1E7A4F7556}") = "09", "09\09.csproj", "{2A30DC70-70AE-4CE3-866D-48A1C936A7AC}"
EndProject
Project("{9A19103F-16F7-4668-BE54-9A1E7A4F7556}") = "09-test", "tests\09-test\09-test.csproj", "{2B74C10C-B479-4D34-A1EB-8E4DD3A79B66}"
EndProject
Project("{9A19103F-16F7-4668-BE54-9A1E7A4F7556}") = "10", "10\10.csproj", "{E720E96F-278A-435A-BF71-F18261CAAF33}"
EndProject
Project("{9A19103F-16F7-4668-BE54-9A1E7A4F7556}") = "10-test", "tests\10-test\10-test.csproj", "{2F0FFDE6-41B3-4A4E-B284-0C4DB97A7FE4}"
EndProject
Project("{9A19103F-16F7-4668-BE54-9A1E7A4F7556}") = "11", "11\11.csproj", "{A12B8E04-E26B-4B56-8148-5671D52F4A02}"
EndProject
Project("{9A19103F-16F7-4668-BE54-9A1E7A4F7556}") = "11-test", "tests\11-test\11-test.csproj", "{B7B6C55D-C665-4778-BDB6-7C4C2971FC9B}"
EndProject
Project("{9A19103F-16F7-4668-BE54-9A1E7A4F7556}") = "12", "12\12.csproj", "{2FE0AE31-DD40-455D-9000-92AAF3717D8F}"
EndProject
Project("{9A19103F-16F7-4668-BE54-9A1E7A4F7556}") = "12-test", "tests\12-test\12-test.csproj", "{7169ED0C-4936-4A6A-B41B-CF9EDF106226}"
EndProject
Project("{9A19103F-16F7-4668-BE54-9A1E7A4F7556}") = "13", "13\13.csproj", "{C28F8DC5-D2F5-41B3-ACBF-F2B9ED6A19E7}"
EndProject
Project("{9A19103F-16F7-4668-BE54-9A1E7A4F7556}") = "13-test", "tests\13-test\13-test.csproj", "{AC514016-2D1F-4EED-B688-07C8FD6F20D1}"
EndProject
Project("{9A19103F-16F7-4668-BE54-9A1E7A4F7556}") = "14", "14\14.csproj", "{B221C3D2-B94C-4E1F-B1FB-C45D864E01B2}"
EndProject
Project("{9A19103F-16F7-4668-BE54-9A1E7A4F7556}") = "14-test", "tests\14-test\14-test.csproj", "{3AF606F9-D92D-440F-AB06-371DE8B21A33}"
EndProject
Project("{9A19103F-16F7-4668-BE54-9A1E7A4F7556}") = "15", "15\15.csproj", "{50BAABA6-E381-431D-BFDC-1511447A9C3F}"
EndProject
Project("{9A19103F-16F7-4668-BE54-9A1E7A4F7556}") = "15-test", "tests\15-test\15-test.csproj", "{631DD193-A553-4194-AE42-389152A6AFEF}"
EndProject
Project("{9A19103F-16F7-4668-BE54-9A1E7A4F7556}") = "16", "16\16.csproj", "{98316367-68F9-4B74-818C-D199E92CBADB}"
EndProject
Project("{9A19103F-16F7-4668-BE54-9A1E7A4F7556}") = "16-test", "tests\16-test\16-test.csproj", "{57FB561D-2BA1-49FB-AA37-92C70D025B2C}"
EndProject
Global
	GlobalSection(SolutionConfigurationPlatforms) = preSolution
		Debug|Any CPU = Debug|Any CPU
		Release|Any CPU = Release|Any CPU
	EndGlobalSection
	GlobalSection(ProjectConfigurationPlatforms) = postSolution
		{97858AFF-1D99-45B8-BCAA-DD660F6327AB}.Debug|Any CPU.ActiveCfg = Debug|Any CPU
		{97858AFF-1D99-45B8-BCAA-DD660F6327AB}.Debug|Any CPU.Build.0 = Debug|Any CPU
		{97858AFF-1D99-45B8-BCAA-DD660F6327AB}.Release|Any CPU.ActiveCfg = Release|Any CPU
		{97858AFF-1D99-45B8-BCAA-DD660F6327AB}.Release|Any CPU.Build.0 = Release|Any CPU
		{35519BC8-56DE-44FC-A96B-72368740628E}.Debug|Any CPU.ActiveCfg = Debug|Any CPU
		{35519BC8-56DE-44FC-A96B-72368740628E}.Debug|Any CPU.Build.0 = Debug|Any CPU
		{35519BC8-56DE-44FC-A96B-72368740628E}.Release|Any CPU.ActiveCfg = Release|Any CPU
		{35519BC8-56DE-44FC-A96B-72368740628E}.Release|Any CPU.Build.0 = Release|Any CPU
		{1D49D4A2-78D5-4A53-A18E-7B3E53A66A9B}.Debug|Any CPU.ActiveCfg = Debug|Any CPU
		{1D49D4A2-78D5-4A53-A18E-7B3E53A66A9B}.Debug|Any CPU.Build.0 = Debug|Any CPU
		{1D49D4A2-78D5-4A53-A18E-7B3E53A66A9B}.Release|Any CPU.ActiveCfg = Release|Any CPU
		{1D49D4A2-78D5-4A53-A18E-7B3E53A66A9B}.Release|Any CPU.Build.0 = Release|Any CPU
		{4CA352E4-6650-4362-866F-1A6624D94B8D}.Debug|Any CPU.ActiveCfg = Debug|Any CPU
		{4CA352E4-6650-4362-866F-1A6624D94B8D}.Debug|Any CPU.Build.0 = Debug|Any CPU
		{4CA352E4-6650-4362-866F-1A6624D94B8D}.Release|Any CPU.ActiveCfg = Release|Any CPU
		{4CA352E4-6650-4362-866F-1A6624D94B8D}.Release|Any CPU.Build.0 = Release|Any CPU
		{2E42ABF3-0002-4C2E-AB42-2CED7AA6AD99}.Debug|Any CPU.ActiveCfg = Debug|Any CPU
		{2E42ABF3-0002-4C2E-AB42-2CED7AA6AD99}.Debug|Any CPU.Build.0 = Debug|Any CPU
		{2E42ABF3-0002-4C2E-AB42-2CED7AA6AD99}.Release|Any CPU.ActiveCfg = Release|Any CPU
		{2E42ABF3-0002-4C2E-AB42-2CED7AA6AD99}.Release|Any CPU.Build.0 = Release|Any CPU
		{9C13C48B-6CAA-4AB5-8C7D-D0E61E7D9996}.Debug|Any CPU.ActiveCfg = Debug|Any CPU
		{9C13C48B-6CAA-4AB5-8C7D-D0E61E7D9996}.Debug|Any CPU.Build.0 = Debug|Any CPU
		{9C13C48B-6CAA-4AB5-8C7D-D0E61E7D9996}.Release|Any CPU.ActiveCfg = Release|Any CPU
		{9C13C48B-6CAA-4AB5-8C7D-D0E61E7D9996}.Release|Any CPU.Build.0 = Release|Any CPU
		{3B609193-2F6C-4933-849E-E56B24D27440}.Debug|Any CPU.ActiveCfg = Debug|Any CPU
		{3B609193-2F6C-4933-849E-E56B24D27440}.Debug|Any CPU.Build.0 = Debug|Any CPU
		{3B609193-2F6C-4933-849E-E56B24D27440}.Release|Any CPU.ActiveCfg = Release|Any CPU
		{3B609193-2F6C-4933-849E-E56B24D27440}.Release|Any CPU.Build.0 = Release|Any CPU
		{551AA018-64F2-4C65-BAEE-ED235231A6D7}.Debug|Any CPU.ActiveCfg = Debug|Any CPU
		{551AA018-64F2-4C65-BAEE-ED235231A6D7}.Debug|Any CPU.Build.0 = Debug|Any CPU
		{551AA018-64F2-4C65-BAEE-ED235231A6D7}.Release|Any CPU.ActiveCfg = Release|Any CPU
		{551AA018-64F2-4C65-BAEE-ED235231A6D7}.Release|Any CPU.Build.0 = Release|Any CPU
		{7E913385-5C06-492A-B54F-6DCD822AFEDC}.Debug|Any CPU.ActiveCfg = Debug|Any CPU
		{7E913385-5C06-492A-B54F-6DCD822AFEDC}.Debug|Any CPU.Build.0 = Debug|Any CPU
		{7E913385-5C06-492A-B54F-6DCD822AFEDC}.Release|Any CPU.ActiveCfg = Release|Any CPU
		{7E913385-5C06-492A-B54F-6DCD822AFEDC}.Release|Any CPU.Build.0 = Release|Any CPU
		{F7C9988B-4668-4126-A865-BA8A0799CCB6}.Debug|Any CPU.ActiveCfg = Debug|Any CPU
		{F7C9988B-4668-4126-A865-BA8A0799CCB6}.Debug|Any CPU.Build.0 = Debug|Any CPU
		{F7C9988B-4668-4126-A865-BA8A0799CCB6}.Release|Any CPU.ActiveCfg = Release|Any CPU
		{F7C9988B-4668-4126-A865-BA8A0799CCB6}.Release|Any CPU.Build.0 = Release|Any CPU
		{DB8E8F86-6FDE-4B44-880D-B7994E58E75F}.Debug|Any CPU.ActiveCfg = Debug|Any CPU
		{DB8E8F86-6FDE-4B44-880D-B7994E58E75F}.Debug|Any CPU.Build.0 = Debug|Any CPU
		{DB8E8F86-6FDE-4B44-880D-B7994E58E75F}.Release|Any CPU.ActiveCfg = Release|Any CPU
		{DB8E8F86-6FDE-4B44-880D-B7994E58E75F}.Release|Any CPU.Build.0 = Release|Any CPU
		{F4FA55E5-4036-4EDF-99B3-8DE075593EA4}.Debug|Any CPU.ActiveCfg = Debug|Any CPU
		{F4FA55E5-4036-4EDF-99B3-8DE075593EA4}.Debug|Any CPU.Build.0 = Debug|Any CPU
		{F4FA55E5-4036-4EDF-99B3-8DE075593EA4}.Release|Any CPU.ActiveCfg = Release|Any CPU
		{F4FA55E5-4036-4EDF-99B3-8DE075593EA4}.Release|Any CPU.Build.0 = Release|Any CPU
		{08078628-BEAB-4D5A-87FC-EB733660E0C6}.Debug|Any CPU.ActiveCfg = Debug|Any CPU
		{08078628-BEAB-4D5A-87FC-EB733660E0C6}.Debug|Any CPU.Build.0 = Debug|Any CPU
		{08078628-BEAB-4D5A-87FC-EB733660E0C6}.Release|Any CPU.ActiveCfg = Release|Any CPU
		{08078628-BEAB-4D5A-87FC-EB733660E0C6}.Release|Any CPU.Build.0 = Release|Any CPU
		{9C17D4DC-75CF-4FCE-946F-4857320A4B30}.Debug|Any CPU.ActiveCfg = Debug|Any CPU
		{9C17D4DC-75CF-4FCE-946F-4857320A4B30}.Debug|Any CPU.Build.0 = Debug|Any CPU
		{9C17D4DC-75CF-4FCE-946F-4857320A4B30}.Release|Any CPU.ActiveCfg = Release|Any CPU
		{9C17D4DC-75CF-4FCE-946F-4857320A4B30}.Release|Any CPU.Build.0 = Release|Any CPU
		{37B85AF1-761A-49D8-B93B-A6C68E3648AC}.Debug|Any CPU.ActiveCfg = Debug|Any CPU
		{37B85AF1-761A-49D8-B93B-A6C68E3648AC}.Debug|Any CPU.Build.0 = Debug|Any CPU
		{37B85AF1-761A-49D8-B93B-A6C68E3648AC}.Release|Any CPU.ActiveCfg = Release|Any CPU
		{37B85AF1-761A-49D8-B93B-A6C68E3648AC}.Release|Any CPU.Build.0 = Release|Any CPU
		{2A30DC70-70AE-4CE3-866D-48A1C936A7AC}.Debug|Any CPU.ActiveCfg = Debug|Any CPU
		{2A30DC70-70AE-4CE3-866D-48A1C936A7AC}.Debug|Any CPU.Build.0 = Debug|Any CPU
		{2A30DC70-70AE-4CE3-866D-48A1C936A7AC}.Release|Any CPU.ActiveCfg = Release|Any CPU
		{2A30DC70-70AE-4CE3-866D-48A1C936A7AC}.Release|Any CPU.Build.0 = Release|Any CPU
		{2B74C10C-B479-4D34-A1EB-8E4DD3A79B66}.Debug|Any CPU.ActiveCfg = Debug|Any CPU
		{2B74C10C-B479-4D34-A1EB-8E4DD3A79B66}.Debug|Any CPU.Build.0 = Debug|Any CPU
		{2B74C10C-B479-4D34-A1EB-8E4DD3A79B66}.Release|Any CPU.ActiveCfg = Release|Any CPU
		{2B74C10C-B479-4D34-A1EB-8E4DD3A79B66}.Release|Any CPU.Build.0 = Release|Any CPU
		{E720E96F-278A-435A-BF71-F18261CAAF33}.Debug|Any CPU.ActiveCfg = Debug|Any CPU
		{E720E96F-278A-435A-BF71-F18261CAAF33}.Debug|Any CPU.Build.0 = Debug|Any CPU
		{E720E96F-278A-435A-BF71-F18261CAAF33}.Release|Any CPU.ActiveCfg = Release|Any CPU
		{E720E96F-278A-435A-BF71-F18261CAAF33}.Release|Any CPU.Build.0 = Release|Any CPU
		{2F0FFDE6-41B3-4A4E-B284-0C4DB97A7FE4}.Debug|Any CPU.ActiveCfg = Debug|Any CPU
		{2F0FFDE6-41B3-4A4E-B284-0C4DB97A7FE4}.Debug|Any CPU.Build.0 = Debug|Any CPU
		{2F0FFDE6-41B3-4A4E-B284-0C4DB97A7FE4}.Release|Any CPU.ActiveCfg = Release|Any CPU
		{2F0FFDE6-41B3-4A4E-B284-0C4DB97A7FE4}.Release|Any CPU.Build.0 = Release|Any CPU
		{A12B8E04-E26B-4B56-8148-5671D52F4A02}.Debug|Any CPU.ActiveCfg = Debug|Any CPU
		{A12B8E04-E26B-4B56-8148-5671D52F4A02}.Debug|Any CPU.Build.0 = Debug|Any CPU
		{A12B8E04-E26B-4B56-8148-5671D52F4A02}.Release|Any CPU.ActiveCfg = Release|Any CPU
		{A12B8E04-E26B-4B56-8148-5671D52F4A02}.Release|Any CPU.Build.0 = Release|Any CPU
		{B7B6C55D-C665-4778-BDB6-7C4C2971FC9B}.Debug|Any CPU.ActiveCfg = Debug|Any CPU
		{B7B6C55D-C665-4778-BDB6-7C4C2971FC9B}.Debug|Any CPU.Build.0 = Debug|Any CPU
		{B7B6C55D-C665-4778-BDB6-7C4C2971FC9B}.Release|Any CPU.ActiveCfg = Release|Any CPU
		{B7B6C55D-C665-4778-BDB6-7C4C2971FC9B}.Release|Any CPU.Build.0 = Release|Any CPU
		{2FE0AE31-DD40-455D-9000-92AAF3717D8F}.Debug|Any CPU.ActiveCfg = Debug|Any CPU
		{2FE0AE31-DD40-455D-9000-92AAF3717D8F}.Debug|Any CPU.Build.0 = Debug|Any CPU
		{2FE0AE31-DD40-455D-9000-92AAF3717D8F}.Release|Any CPU.ActiveCfg = Release|Any CPU
		{2FE0AE31-DD40-455D-9000-92AAF3717D8F}.Release|Any CPU.Build.0 = Release|Any CPU
		{7169ED0C-4936-4A6A-B41B-CF9EDF106226}.Debug|Any CPU.ActiveCfg = Debug|Any CPU
		{7169ED0C-4936-4A6A-B41B-CF9EDF106226}.Debug|Any CPU.Build.0 = Debug|Any CPU
		{7169ED0C-4936-4A6A-B41B-CF9EDF106226}.Release|Any CPU.ActiveCfg = Release|Any CPU
		{7169ED0C-4936-4A6A-B41B-CF9EDF106226}.Release|Any CPU.Build.0 = Release|Any CPU
		{C28F8DC5-D2F5-41B3-ACBF-F2B9ED6A19E7}.Debug|Any CPU.ActiveCfg = Debug|Any CPU
		{C28F8DC5-D2F5-41B3-ACBF-F2B9ED6A19E7}.Debug|Any CPU.Build.0 = Debug|Any CPU
		{C28F8DC5-D2F5-41B3-ACBF-F2B9ED6A19E7}.Release|Any CPU.ActiveCfg = Release|Any CPU
		{C28F8DC5-D2F5-41B3-ACBF-F2B9ED6A19E7}.Release|Any CPU.Build.0 = Release|Any CPU
		{AC514016-2D1F-4EED-B688-07C8FD6F20D1}.Debug|Any CPU.ActiveCfg = Debug|Any CPU
		{AC514016-2D1F-4EED-B688-07C8FD6F20D1}.Debug|Any CPU.Build.0 = Debug|Any CPU
		{AC514016-2D1F-4EED-B688-07C8FD6F20D1}.Release|Any CPU.ActiveCfg = Release|Any CPU
		{AC514016-2D1F-4EED-B688-07C8FD6F20D1}.Release|Any CPU.Build.0 = Release|Any CPU
		{B221C3D2-B94C-4E1F-B1FB-C45D864E01B2}.Debug|Any CPU.ActiveCfg = Debug|Any CPU
		{B221C3D2-B94C-4E1F-B1FB-C45D864E01B2}.Debug|Any CPU.Build.0 = Debug|Any CPU
		{B221C3D2-B94C-4E1F-B1FB-C45D864E01B2}.Release|Any CPU.ActiveCfg = Release|Any CPU
		{B221C3D2-B94C-4E1F-B1FB-C45D864E01B2}.Release|Any CPU.Build.0 = Release|Any CPU
		{3AF606F9-D92D-440F-AB06-371DE8B21A33}.Debug|Any CPU.ActiveCfg = Debug|Any CPU
		{3AF606F9-D92D-440F-AB06-371DE8B21A33}.Debug|Any CPU.Build.0 = Debug|Any CPU
		{3AF606F9-D92D-440F-AB06-371DE8B21A33}.Release|Any CPU.ActiveCfg = Release|Any CPU
		{3AF606F9-D92D-440F-AB06-371DE8B21A33}.Release|Any CPU.Build.0 = Release|Any CPU
		{50BAABA6-E381-431D-BFDC-1511447A9C3F}.Debug|Any CPU.ActiveCfg = Debug|Any CPU
		{50BAABA6-E381-431D-BFDC-1511447A9C3F}.Debug|Any CPU.Build.0 = Debug|Any CPU
		{50BAABA6-E381-431D-BFDC-1511447A9C3F}.Release|Any CPU.ActiveCfg = Release|Any CPU
		{50BAABA6-E381-431D-BFDC-1511447A9C3F}.Release|Any CPU.Build.0 = Release|Any CPU
		{631DD193-A553-4194-AE42-389152A6AFEF}.Debug|Any CPU.ActiveCfg = Debug|Any CPU
		{631DD193-A553-4194-AE42-389152A6AFEF}.Debug|Any CPU.Build.0 = Debug|Any CPU
		{631DD193-A553-4194-AE42-389152A6AFEF}.Release|Any CPU.ActiveCfg = Release|Any CPU
		{631DD193-A553-4194-AE42-389152A6AFEF}.Release|Any CPU.Build.0 = Release|Any CPU
		{98316367-68F9-4B74-818C-D199E92CBADB}.Debug|Any CPU.ActiveCfg = Debug|Any CPU
		{98316367-68F9-4B74-818C-D199E92CBADB}.Debug|Any CPU.Build.0 = Debug|Any CPU
		{98316367-68F9-4B74-818C-D199E92CBADB}.Release|Any CPU.ActiveCfg = Release|Any CPU
		{98316367-68F9-4B74-818C-D199E92CBADB}.Release|Any CPU.Build.0 = Release|Any CPU
		{57FB561D-2BA1-49FB-AA37-92C70D025B2C}.Debug|Any CPU.ActiveCfg = Debug|Any CPU
		{57FB561D-2BA1-49FB-AA37-92C70D025B2C}.Debug|Any CPU.Build.0 = Debug|Any CPU
		{57FB561D-2BA1-49FB-AA37-92C70D025B2C}.Release|Any CPU.ActiveCfg = Release|Any CPU
		{57FB561D-2BA1-49FB-AA37-92C70D025B2C}.Release|Any CPU.Build.0 = Release|Any CPU
	EndGlobalSection
	GlobalSection(SolutionProperties) = preSolution
		HideSolutionNode = FALSE
	EndGlobalSection
	GlobalSection(ExtensibilityGlobals) = postSolution
		SolutionGuid = {AC09D6D2-1267-4DFF-B780-558336F28556}
	EndGlobalSection
	GlobalSection(NestedProjects) = preSolution
		{4CA352E4-6650-4362-866F-1A6624D94B8D} = {E62194C5-793A-4A09-AE66-06E480D5A774}
		{9C13C48B-6CAA-4AB5-8C7D-D0E61E7D9996} = {E62194C5-793A-4A09-AE66-06E480D5A774}
		{551AA018-64F2-4C65-BAEE-ED235231A6D7} = {E62194C5-793A-4A09-AE66-06E480D5A774}
		{F7C9988B-4668-4126-A865-BA8A0799CCB6} = {E62194C5-793A-4A09-AE66-06E480D5A774}
		{F4FA55E5-4036-4EDF-99B3-8DE075593EA4} = {E62194C5-793A-4A09-AE66-06E480D5A774}
		{9C17D4DC-75CF-4FCE-946F-4857320A4B30} = {E62194C5-793A-4A09-AE66-06E480D5A774}
		{2B74C10C-B479-4D34-A1EB-8E4DD3A79B66} = {E62194C5-793A-4A09-AE66-06E480D5A774}
		{2F0FFDE6-41B3-4A4E-B284-0C4DB97A7FE4} = {E62194C5-793A-4A09-AE66-06E480D5A774}
		{B7B6C55D-C665-4778-BDB6-7C4C2971FC9B} = {E62194C5-793A-4A09-AE66-06E480D5A774}
		{7169ED0C-4936-4A6A-B41B-CF9EDF106226} = {E62194C5-793A-4A09-AE66-06E480D5A774}
		{AC514016-2D1F-4EED-B688-07C8FD6F20D1} = {E62194C5-793A-4A09-AE66-06E480D5A774}
		{3AF606F9-D92D-440F-AB06-371DE8B21A33} = {E62194C5-793A-4A09-AE66-06E480D5A774}
		{631DD193-A553-4194-AE42-389152A6AFEF} = {E62194C5-793A-4A09-AE66-06E480D5A774}
		{57FB561D-2BA1-49FB-AA37-92C70D025B2C} = {E62194C5-793A-4A09-AE66-06E480D5A774}
	EndGlobalSection
EndGlobal
