
Microsoft Visual Studio Solution File, Format Version 12.00
# Visual Studio Version 17
VisualStudioVersion = 17.5.002.0
MinimumVisualStudioVersion = 10.0.40219.1
Project("{9A19103F-16F7-4668-BE54-9A1E7A4F7556}") = "AoC2015-08", "AoC2015-08.csproj", "{209D51C9-3467-43D4-B52D-5DAEEA8397C3}"
EndProject
Project("{FAE04EC0-301F-11D3-BF4B-00C04F79EFBC}") = "UnitTest", "..\UnitTest\UnitTest.csproj", "{943DF414-4E55-4869-A537-575D28A1030D}"
	ProjectSection(ProjectDependencies) = postProject
		{209D51C9-3467-43D4-B52D-5DAEEA8397C3} = {209D51C9-3467-43D4-B52D-5DAEEA8397C3}
	EndProjectSection
EndProject
Global
	GlobalSection(SolutionConfigurationPlatforms) = preSolution
		Debug|Any CPU = Debug|Any CPU
		Release|Any CPU = Release|Any CPU
	EndGlobalSection
	GlobalSection(ProjectConfigurationPlatforms) = postSolution
		{209D51C9-3467-43D4-B52D-5DAEEA8397C3}.Debug|Any CPU.ActiveCfg = Debug|Any CPU
		{209D51C9-3467-43D4-B52D-5DAEEA8397C3}.Debug|Any CPU.Build.0 = Debug|Any CPU
		{209D51C9-3467-43D4-B52D-5DAEEA8397C3}.Release|Any CPU.ActiveCfg = Release|Any CPU
		{209D51C9-3467-43D4-B52D-5DAEEA8397C3}.Release|Any CPU.Build.0 = Release|Any CPU
		{943DF414-4E55-4869-A537-575D28A1030D}.Debug|Any CPU.ActiveCfg = Debug|Any CPU
		{943DF414-4E55-4869-A537-575D28A1030D}.Debug|Any CPU.Build.0 = Debug|Any CPU
		{943DF414-4E55-4869-A537-575D28A1030D}.Release|Any CPU.ActiveCfg = Release|Any CPU
		{943DF414-4E55-4869-A537-575D28A1030D}.Release|Any CPU.Build.0 = Release|Any CPU
	EndGlobalSection
	GlobalSection(SolutionProperties) = preSolution
		HideSolutionNode = FALSE
	EndGlobalSection
	GlobalSection(ExtensibilityGlobals) = postSolution
		SolutionGuid = {09050D31-87F7-47BA-A3CE-AE58CD5F79A8}
	EndGlobalSection
EndGlobal
