
Microsoft Visual Studio Solution File, Format Version 12.00
# Visual Studio Version 17
VisualStudioVersion = 17.7.34202.233
MinimumVisualStudioVersion = 10.0.40219.1
Project("{9A19103F-16F7-4668-BE54-9A1E7A4F7556}") = "day20", "day20.csproj", "{22DE66F7-F54E-44F5-9554-F3D9A1D1D723}"
EndProject
Global
	GlobalSection(SolutionConfigurationPlatforms) = preSolution
		Debug|Any CPU = Debug|Any CPU
		Release|Any CPU = Release|Any CPU
	EndGlobalSection
	GlobalSection(ProjectConfigurationPlatforms) = postSolution
		{22DE66F7-F54E-44F5-9554-F3D9A1D1D723}.Debug|Any CPU.ActiveCfg = Debug|Any CPU
		{22DE66F7-F54E-44F5-9554-F3D9A1D1D723}.Debug|Any CPU.Build.0 = Debug|Any CPU
		{22DE66F7-F54E-44F5-9554-F3D9A1D1D723}.Release|Any CPU.ActiveCfg = Release|Any CPU
		{22DE66F7-F54E-44F5-9554-F3D9A1D1D723}.Release|Any CPU.Build.0 = Release|Any CPU
	EndGlobalSection
	GlobalSection(SolutionProperties) = preSolution
		HideSolutionNode = FALSE
	EndGlobalSection
	GlobalSection(ExtensibilityGlobals) = postSolution
		SolutionGuid = {D63ACDE0-297C-4ABC-B0B9-68FB5E446792}
	EndGlobalSection
EndGlobal
